
Microsoft Visual Studio Solution File, Format Version 12.00
# Visual Studio Version 17
VisualStudioVersion = 17.12.35506.116 d17.12
MinimumVisualStudioVersion = 10.0.40219.1
Project("{8BC9CEB8-8B4A-11D0-8D11-00A0C91BC942}") = "Sandbox", "Sandbox\Sandbox.vcxproj", "{EB6A1FF0-D6B4-4DF8-93B2-91E98A9CFBF3}"
EndProject
Project("{8BC9CEB8-8B4A-11D0-8D11-00A0C91BC942}") = "Mythyam", "Mythyam\Mythyam.vcxproj", "{1192B6C9-2505-4BA8-93B6-92D81AE3DAA7}"
EndProject
Global
	GlobalSection(SolutionConfigurationPlatforms) = preSolution
		Debug|x64 = Debug|x64
		Release|x64 = Release|x64
	EndGlobalSection
	GlobalSection(ProjectConfigurationPlatforms) = postSolution
		{1192B6C9-2505-4BA8-93B6-92D81AE3DAA7}.Debug|x64.ActiveCfg = Debug|x64
		{1192B6C9-2505-4BA8-93B6-92D81AE3DAA7}.Debug|x64.Build.0 = Debug|x64
		{1192B6C9-2505-4BA8-93B6-92D81AE3DAA7}.Release|x64.ActiveCfg = Release|x64
		{1192B6C9-2505-4BA8-93B6-92D81AE3DAA7}.Release|x64.Build.0 = Release|x64
		{EB6A1FF0-D6B4-4DF8-93B2-91E98A9CFBF3}.Debug|x64.ActiveCfg = Debug|x64
		{EB6A1FF0-D6B4-4DF8-93B2-91E98A9CFBF3}.Debug|x64.Build.0 = Debug|x64
		{EB6A1FF0-D6B4-4DF8-93B2-91E98A9CFBF3}.Release|x64.ActiveCfg = Release|x64
		{EB6A1FF0-D6B4-4DF8-93B2-91E98A9CFBF3}.Release|x64.Build.0 = Release|x64
	EndGlobalSection
	GlobalSection(SolutionProperties) = preSolution
		HideSolutionNode = FALSE
	EndGlobalSection
EndGlobal
